
Microsoft Visual Studio Solution File, Format Version 12.00
# Visual Studio Version 17
VisualStudioVersion = 17.5.33516.290
MinimumVisualStudioVersion = 10.0.40219.1
Project("{FAE04EC0-301F-11D3-BF4B-00C04F79EFBC}") = "test_app_cs", "test_app_cs\test_app_cs.csproj", "{247679EE-A9A2-4FC3-966F-EE3F24860903}"
EndProject
Global
	GlobalSection(SolutionConfigurationPlatforms) = preSolution
		Debug|Any CPU = Debug|Any CPU
		Release|Any CPU = Release|Any CPU
	EndGlobalSection
	GlobalSection(ProjectConfigurationPlatforms) = postSolution
		{247679EE-A9A2-4FC3-966F-EE3F24860903}.Debug|Any CPU.ActiveCfg = Debug|Any CPU
		{247679EE-A9A2-4FC3-966F-EE3F24860903}.Debug|Any CPU.Build.0 = Debug|Any CPU
		{247679EE-A9A2-4FC3-966F-EE3F24860903}.Release|Any CPU.ActiveCfg = Release|Any CPU
		{247679EE-A9A2-4FC3-966F-EE3F24860903}.Release|Any CPU.Build.0 = Release|Any CPU
	EndGlobalSection
	GlobalSection(SolutionProperties) = preSolution
		HideSolutionNode = FALSE
	EndGlobalSection
	GlobalSection(ExtensibilityGlobals) = postSolution
		SolutionGuid = {9F136B0D-6F4B-4BB2-88F8-0E1860C26E0A}
	EndGlobalSection
EndGlobal
